
Microsoft Visual Studio Solution File, Format Version 12.00
# Visual Studio Version 17
VisualStudioVersion = 17.6.33723.286
MinimumVisualStudioVersion = 10.0.40219.1
Project("{FAE04EC0-301F-11D3-BF4B-00C04F79EFBC}") = "ControleDeContatos", "ControleDeContatos\ControleDeContatos.csproj", "{81FDE0C1-B2D2-4623-9DF8-CC9D542280FF}"
EndProject
Global
	GlobalSection(SolutionConfigurationPlatforms) = preSolution
		Debug|Any CPU = Debug|Any CPU
		Release|Any CPU = Release|Any CPU
	EndGlobalSection
	GlobalSection(ProjectConfigurationPlatforms) = postSolution
		{81FDE0C1-B2D2-4623-9DF8-CC9D542280FF}.Debug|Any CPU.ActiveCfg = Debug|Any CPU
		{81FDE0C1-B2D2-4623-9DF8-CC9D542280FF}.Debug|Any CPU.Build.0 = Debug|Any CPU
		{81FDE0C1-B2D2-4623-9DF8-CC9D542280FF}.Release|Any CPU.ActiveCfg = Release|Any CPU
		{81FDE0C1-B2D2-4623-9DF8-CC9D542280FF}.Release|Any CPU.Build.0 = Release|Any CPU
	EndGlobalSection
	GlobalSection(SolutionProperties) = preSolution
		HideSolutionNode = FALSE
	EndGlobalSection
	GlobalSection(ExtensibilityGlobals) = postSolution
		SolutionGuid = {0935BE97-E187-48B8-9828-A37AD68C2547}
	EndGlobalSection
EndGlobal
